# THIS IS AN AUTOGENERATED FILE. DO NOT EDIT THIS FILE DIRECTLY.
# yarn lockfile v1


zenn-cli@^0.1.147:
  version "0.1.147"
  resolved "https://registry.npmjs.org/zenn-cli/-/zenn-cli-0.1.147.tgz"
  integrity sha512-4HKDyk357aIFZnii+Zkkq82Q0Q4uRD4+7zS/u8edwxPea/eeS6W4NBorPyloUzaFI/Rxe0DLr4/aRFc0hHG0ug==
